// !$*UTF8*$!
{
	archiveVersion = 1;
	classes = {
	};
	objectVersion = 46;
	objects = {

/* Begin PBXBuildFile section */
		31C691DE1E62201800358AC3 /* AppDelegate.swift in Sources */ = {isa = PBXBuildFile; fileRef = 31C691DD1E62201800358AC3 /* AppDelegate.swift */; };
		31C691E31E62201800358AC3 /* Main.storyboard in Resources */ = {isa = PBXBuildFile; fileRef = 31C691E11E62201800358AC3 /* Main.storyboard */; };
		31C691E61E62201800358AC3 /* VirtualTourist.xcdatamodeld in Sources */ = {isa = PBXBuildFile; fileRef = 31C691E41E62201800358AC3 /* VirtualTourist.xcdatamodeld */; };
		31C691E81E62201800358AC3 /* Assets.xcassets in Resources */ = {isa = PBXBuildFile; fileRef = 31C691E71E62201800358AC3 /* Assets.xcassets */; };
		31C691EB1E62201800358AC3 /* LaunchScreen.storyboard in Resources */ = {isa = PBXBuildFile; fileRef = 31C691E91E62201800358AC3 /* LaunchScreen.storyboard */; };
		31C691F91E6223AE00358AC3 /* MapViewController.swift in Sources */ = {isa = PBXBuildFile; fileRef = 31C691F81E6223AE00358AC3 /* MapViewController.swift */; };
		31C6920E1E6230FC00358AC3 /* Photo+CoreDataClass.swift in Sources */ = {isa = PBXBuildFile; fileRef = 31C6920A1E6230FC00358AC3 /* Photo+CoreDataClass.swift */; };
		31C6920F1E6230FC00358AC3 /* Photo+CoreDataProperties.swift in Sources */ = {isa = PBXBuildFile; fileRef = 31C6920B1E6230FC00358AC3 /* Photo+CoreDataProperties.swift */; };
		31C692101E6230FC00358AC3 /* Pin+CoreDataClass.swift in Sources */ = {isa = PBXBuildFile; fileRef = 31C6920C1E6230FC00358AC3 /* Pin+CoreDataClass.swift */; };
		31C692111E6230FC00358AC3 /* Pin+CoreDataProperties.swift in Sources */ = {isa = PBXBuildFile; fileRef = 31C6920D1E6230FC00358AC3 /* Pin+CoreDataProperties.swift */; };
		31C692131E623F7700358AC3 /* GCD.swift in Sources */ = {isa = PBXBuildFile; fileRef = 31C692121E623F7700358AC3 /* GCD.swift */; };
		31C692151E62497B00358AC3 /* PhotoViewController.swift in Sources */ = {isa = PBXBuildFile; fileRef = 31C692141E62497B00358AC3 /* PhotoViewController.swift */; };
		31C692171E62766700358AC3 /* Constants.swift in Sources */ = {isa = PBXBuildFile; fileRef = 31C692161E62766700358AC3 /* Constants.swift */; };
		31C692191E62772900358AC3 /* FlickrClient.swift in Sources */ = {isa = PBXBuildFile; fileRef = 31C692181E62772900358AC3 /* FlickrClient.swift */; };
		31C6921B1E627CD800358AC3 /* FlickrConvenience.swift in Sources */ = {isa = PBXBuildFile; fileRef = 31C6921A1E627CD800358AC3 /* FlickrConvenience.swift */; };
		31C6921D1E63005400358AC3 /* PhotoCollectionViewCell.swift in Sources */ = {isa = PBXBuildFile; fileRef = 31C6921C1E63005400358AC3 /* PhotoCollectionViewCell.swift */; };
/* End PBXBuildFile section */

/* Begin PBXFileReference section */
		31C691DA1E62201800358AC3 /* VirtualTourist.app */ = {isa = PBXFileReference; explicitFileType = wrapper.application; includeInIndex = 0; path = VirtualTourist.app; sourceTree = BUILT_PRODUCTS_DIR; };
		31C691DD1E62201800358AC3 /* AppDelegate.swift */ = {isa = PBXFileReference; lastKnownFileType = sourcecode.swift; path = AppDelegate.swift; sourceTree = "<group>"; };
		31C691E21E62201800358AC3 /* Base */ = {isa = PBXFileReference; lastKnownFileType = file.storyboard; name = Base; path = Base.lproj/Main.storyboard; sourceTree = "<group>"; };
		31C691E51E62201800358AC3 /* VirtualTourist.xcdatamodel */ = {isa = PBXFileReference; lastKnownFileType = wrapper.xcdatamodel; path = VirtualTourist.xcdatamodel; sourceTree = "<group>"; };
		31C691E71E62201800358AC3 /* Assets.xcassets */ = {isa = PBXFileReference; lastKnownFileType = folder.assetcatalog; path = Assets.xcassets; sourceTree = "<group>"; };
		31C691EA1E62201800358AC3 /* Base */ = {isa = PBXFileReference; lastKnownFileType = file.storyboard; name = Base; path = Base.lproj/LaunchScreen.storyboard; sourceTree = "<group>"; };
		31C691EC1E62201800358AC3 /* Info.plist */ = {isa = PBXFileReference; lastKnownFileType = text.plist.xml; path = Info.plist; sourceTree = "<group>"; };
		31C691F81E6223AE00358AC3 /* MapViewController.swift */ = {isa = PBXFileReference; fileEncoding = 4; lastKnownFileType = sourcecode.swift; path = MapViewController.swift; sourceTree = "<group>"; };
		31C6920A1E6230FC00358AC3 /* Photo+CoreDataClass.swift */ = {isa = PBXFileReference; fileEncoding = 4; lastKnownFileType = sourcecode.swift; path = "Photo+CoreDataClass.swift"; sourceTree = "<group>"; };
		31C6920B1E6230FC00358AC3 /* Photo+CoreDataProperties.swift */ = {isa = PBXFileReference; fileEncoding = 4; lastKnownFileType = sourcecode.swift; path = "Photo+CoreDataProperties.swift"; sourceTree = "<group>"; };
		31C6920C1E6230FC00358AC3 /* Pin+CoreDataClass.swift */ = {isa = PBXFileReference; fileEncoding = 4; lastKnownFileType = sourcecode.swift; path = "Pin+CoreDataClass.swift"; sourceTree = "<group>"; };
		31C6920D1E6230FC00358AC3 /* Pin+CoreDataProperties.swift */ = {isa = PBXFileReference; fileEncoding = 4; lastKnownFileType = sourcecode.swift; path = "Pin+CoreDataProperties.swift"; sourceTree = "<group>"; };
		31C692121E623F7700358AC3 /* GCD.swift */ = {isa = PBXFileReference; fileEncoding = 4; lastKnownFileType = sourcecode.swift; path = GCD.swift; sourceTree = "<group>"; };
		31C692141E62497B00358AC3 /* PhotoViewController.swift */ = {isa = PBXFileReference; fileEncoding = 4; lastKnownFileType = sourcecode.swift; path = PhotoViewController.swift; sourceTree = "<group>"; };
		31C692161E62766700358AC3 /* Constants.swift */ = {isa = PBXFileReference; fileEncoding = 4; lastKnownFileType = sourcecode.swift; path = Constants.swift; sourceTree = "<group>"; };
		31C692181E62772900358AC3 /* FlickrClient.swift */ = {isa = PBXFileReference; fileEncoding = 4; lastKnownFileType = sourcecode.swift; path = FlickrClient.swift; sourceTree = "<group>"; };
		31C6921A1E627CD800358AC3 /* FlickrConvenience.swift */ = {isa = PBXFileReference; fileEncoding = 4; lastKnownFileType = sourcecode.swift; path = FlickrConvenience.swift; sourceTree = "<group>"; };
		31C6921C1E63005400358AC3 /* PhotoCollectionViewCell.swift */ = {isa = PBXFileReference; fileEncoding = 4; lastKnownFileType = sourcecode.swift; path = PhotoCollectionViewCell.swift; sourceTree = "<group>"; };
/* End PBXFileReference section */

/* Begin PBXFrameworksBuildPhase section */
		31C691D71E62201800358AC3 /* Frameworks */ = {
			isa = PBXFrameworksBuildPhase;
			buildActionMask = 2147483647;
			files = (
			);
			runOnlyForDeploymentPostprocessing = 0;
		};
/* End PBXFrameworksBuildPhase section */

/* Begin PBXGroup section */
		31C691D11E62201800358AC3 = {
			isa = PBXGroup;
			children = (
				31C691DC1E62201800358AC3 /* VirtualTourist */,
				31C691F71E62212300358AC3 /* Resources */,
				31C691DB1E62201800358AC3 /* Products */,
			);
			sourceTree = "<group>";
		};
		31C691DB1E62201800358AC3 /* Products */ = {
			isa = PBXGroup;
			children = (
				31C691DA1E62201800358AC3 /* VirtualTourist.app */,
			);
			name = Products;
			sourceTree = "<group>";
		};
		31C691DC1E62201800358AC3 /* VirtualTourist */ = {
			isa = PBXGroup;
			children = (
				31C691F41E62205100358AC3 /* Model */,
				31C691F31E62204100358AC3 /* View */,
				31C691F21E62203400358AC3 /* Controller */,
				31C691E71E62201800358AC3 /* Assets.xcassets */,
				31C691E41E62201800358AC3 /* VirtualTourist.xcdatamodeld */,
			);
			path = VirtualTourist;
			sourceTree = "<group>";
		};
		31C691F21E62203400358AC3 /* Controller */ = {
			isa = PBXGroup;
			children = (
				31C691F81E6223AE00358AC3 /* MapViewController.swift */,
				31C692141E62497B00358AC3 /* PhotoViewController.swift */,
			);
			name = Controller;
			sourceTree = "<group>";
		};
		31C691F31E62204100358AC3 /* View */ = {
			isa = PBXGroup;
			children = (
				31C691E91E62201800358AC3 /* LaunchScreen.storyboard */,
				31C691E11E62201800358AC3 /* Main.storyboard */,
				31C6921C1E63005400358AC3 /* PhotoCollectionViewCell.swift */,
			);
			name = View;
			sourceTree = "<group>";
		};
		31C691F41E62205100358AC3 /* Model */ = {
			isa = PBXGroup;
			children = (
				31C6920A1E6230FC00358AC3 /* Photo+CoreDataClass.swift */,
				31C6920B1E6230FC00358AC3 /* Photo+CoreDataProperties.swift */,
				31C6920C1E6230FC00358AC3 /* Pin+CoreDataClass.swift */,
				31C6920D1E6230FC00358AC3 /* Pin+CoreDataProperties.swift */,
				31C691F51E62209600358AC3 /* Client */,
			);
			name = Model;
			sourceTree = "<group>";
		};
		31C691F51E62209600358AC3 /* Client */ = {
			isa = PBXGroup;
			children = (
				31C691F61E6220D100358AC3 /* Flickr */,
			);
			name = Client;
			sourceTree = "<group>";
		};
		31C691F61E6220D100358AC3 /* Flickr */ = {
			isa = PBXGroup;
			children = (
				31C692161E62766700358AC3 /* Constants.swift */,
				31C692181E62772900358AC3 /* FlickrClient.swift */,
				31C6921A1E627CD800358AC3 /* FlickrConvenience.swift */,
			);
			name = Flickr;
			sourceTree = "<group>";
		};
		31C691F71E62212300358AC3 /* Resources */ = {
			isa = PBXGroup;
			children = (
				31C691DD1E62201800358AC3 /* AppDelegate.swift */,
				31C691EC1E62201800358AC3 /* Info.plist */,
				31C692121E623F7700358AC3 /* GCD.swift */,
			);
			name = Resources;
			path = VirtualTourist;
			sourceTree = "<group>";
		};
/* End PBXGroup section */

/* Begin PBXNativeTarget section */
		31C691D91E62201800358AC3 /* VirtualTourist */ = {
			isa = PBXNativeTarget;
			buildConfigurationList = 31C691EF1E62201800358AC3 /* Build configuration list for PBXNativeTarget "VirtualTourist" */;
			buildPhases = (
				31C691D61E62201800358AC3 /* Sources */,
				31C691D71E62201800358AC3 /* Frameworks */,
				31C691D81E62201800358AC3 /* Resources */,
			);
			buildRules = (
			);
			dependencies = (
			);
			name = VirtualTourist;
			productName = VirtualTourist;
			productReference = 31C691DA1E62201800358AC3 /* VirtualTourist.app */;
			productType = "com.apple.product-type.application";
		};
/* End PBXNativeTarget section */

/* Begin PBXProject section */
		31C691D21E62201800358AC3 /* Project object */ = {
			isa = PBXProject;
			attributes = {
				LastSwiftUpdateCheck = 0820;
				LastUpgradeCheck = 0820;
				ORGANIZATIONNAME = "Dandre Ealy";
				TargetAttributes = {
					31C691D91E62201800358AC3 = {
						CreatedOnToolsVersion = 8.2.1;
						DevelopmentTeam = W26XJUCE66;
						ProvisioningStyle = Automatic;
					};
				};
			};
			buildConfigurationList = 31C691D51E62201800358AC3 /* Build configuration list for PBXProject "VirtualTourist" */;
			compatibilityVersion = "Xcode 3.2";
			developmentRegion = English;
			hasScannedForEncodings = 0;
			knownRegions = (
				en,
				Base,
			);
			mainGroup = 31C691D11E62201800358AC3;
			productRefGroup = 31C691DB1E62201800358AC3 /* Products */;
			projectDirPath = "";
			projectRoot = "";
			targets = (
				31C691D91E62201800358AC3 /* VirtualTourist */,
			);
		};
/* End PBXProject section */

/* Begin PBXResourcesBuildPhase section */
		31C691D81E62201800358AC3 /* Resources */ = {
			isa = PBXResourcesBuildPhase;
			buildActionMask = 2147483647;
			files = (
				31C691EB1E62201800358AC3 /* LaunchScreen.storyboard in Resources */,
				31C691E81E62201800358AC3 /* Assets.xcassets in Resources */,
				31C691E31E62201800358AC3 /* Main.storyboard in Resources */,
			);
			runOnlyForDeploymentPostprocessing = 0;
		};
/* End PBXResourcesBuildPhase section */

/* Begin PBXSourcesBuildPhase section */
		31C691D61E62201800358AC3 /* Sources */ = {
			isa = PBXSourcesBuildPhase;
			buildActionMask = 2147483647;
			files = (
				31C691DE1E62201800358AC3 /* AppDelegate.swift in Sources */,
				31C6921D1E63005400358AC3 /* PhotoCollectionViewCell.swift in Sources */,
				31C691F91E6223AE00358AC3 /* MapViewController.swift in Sources */,
				31C6921B1E627CD800358AC3 /* FlickrConvenience.swift in Sources */,
				31C692131E623F7700358AC3 /* GCD.swift in Sources */,
				31C6920E1E6230FC00358AC3 /* Photo+CoreDataClass.swift in Sources */,
				31C692111E6230FC00358AC3 /* Pin+CoreDataProperties.swift in Sources */,
				31C692171E62766700358AC3 /* Constants.swift in Sources */,
				31C692151E62497B00358AC3 /* PhotoViewController.swift in Sources */,
				31C692101E6230FC00358AC3 /* Pin+CoreDataClass.swift in Sources */,
				31C692191E62772900358AC3 /* FlickrClient.swift in Sources */,
				31C6920F1E6230FC00358AC3 /* Photo+CoreDataProperties.swift in Sources */,
				31C691E61E62201800358AC3 /* VirtualTourist.xcdatamodeld in Sources */,
			);
			runOnlyForDeploymentPostprocessing = 0;
		};
/* End PBXSourcesBuildPhase section */

/* Begin PBXVariantGroup section */
		31C691E11E62201800358AC3 /* Main.storyboard */ = {
			isa = PBXVariantGroup;
			children = (
				31C691E21E62201800358AC3 /* Base */,
			);
			name = Main.storyboard;
			sourceTree = "<group>";
		};
		31C691E91E62201800358AC3 /* LaunchScreen.storyboard */ = {
			isa = PBXVariantGroup;
			children = (
				31C691EA1E62201800358AC3 /* Base */,
			);
			name = LaunchScreen.storyboard;
			sourceTree = "<group>";
		};
/* End PBXVariantGroup section */

/* Begin XCBuildConfiguration section */
		31C691ED1E62201800358AC3 /* Debug */ = {
			isa = XCBuildConfiguration;
			buildSettings = {
				ALWAYS_SEARCH_USER_PATHS = NO;
				CLANG_ANALYZER_NONNULL = YES;
				CLANG_CXX_LANGUAGE_STANDARD = "gnu++0x";
				CLANG_CXX_LIBRARY = "libc++";
				CLANG_ENABLE_MODULES = YES;
				CLANG_ENABLE_OBJC_ARC = YES;
				CLANG_WARN_BOOL_CONVERSION = YES;
				CLANG_WARN_CONSTANT_CONVERSION = YES;
				CLANG_WARN_DIRECT_OBJC_ISA_USAGE = YES_ERROR;
				CLANG_WARN_DOCUMENTATION_COMMENTS = YES;
				CLANG_WARN_EMPTY_BODY = YES;
				CLANG_WARN_ENUM_CONVERSION = YES;
				CLANG_WARN_INFINITE_RECURSION = YES;
				CLANG_WARN_INT_CONVERSION = YES;
				CLANG_WARN_OBJC_ROOT_CLASS = YES_ERROR;
				CLANG_WARN_SUSPICIOUS_MOVE = YES;
				CLANG_WARN_UNREACHABLE_CODE = YES;
				CLANG_WARN__DUPLICATE_METHOD_MATCH = YES;
				"CODE_SIGN_IDENTITY[sdk=iphoneos*]" = "iPhone Developer";
				COPY_PHASE_STRIP = NO;
				DEBUG_INFORMATION_FORMAT = dwarf;
				ENABLE_STRICT_OBJC_MSGSEND = YES;
				ENABLE_TESTABILITY = YES;
				GCC_C_LANGUAGE_STANDARD = gnu99;
				GCC_DYNAMIC_NO_PIC = NO;
				GCC_NO_COMMON_BLOCKS = YES;
				GCC_OPTIMIZATION_LEVEL = 0;
				GCC_PREPROCESSOR_DEFINITIONS = (
					"DEBUG=1",
					"$(inherited)",
				);
				GCC_WARN_64_TO_32_BIT_CONVERSION = YES;
				GCC_WARN_ABOUT_RETURN_TYPE = YES_ERROR;
				GCC_WARN_UNDECLARED_SELECTOR = YES;
				GCC_WARN_UNINITIALIZED_AUTOS = YES_AGGRESSIVE;
				GCC_WARN_UNUSED_FUNCTION = YES;
				GCC_WARN_UNUSED_VARIABLE = YES;
				IPHONEOS_DEPLOYMENT_TARGET = 10.2;
				MTL_ENABLE_DEBUG_INFO = YES;
				ONLY_ACTIVE_ARCH = YES;
				SDKROOT = iphoneos;
				SWIFT_ACTIVE_COMPILATION_CONDITIONS = DEBUG;
				SWIFT_OPTIMIZATION_LEVEL = "-Onone";
				TARGETED_DEVICE_FAMILY = "1,2";
			};
			name = Debug;
		};
		31C691EE1E62201800358AC3 /* Release */ = {
			isa = XCBuildConfiguration;
			buildSettings = {
				ALWAYS_SEARCH_USER_PATHS = NO;
				CLANG_ANALYZER_NONNULL = YES;
				CLANG_CXX_LANGUAGE_STANDARD = "gnu++0x";
				CLANG_CXX_LIBRARY = "libc++";
				CLANG_ENABLE_MODULES = YES;
				CLANG_ENABLE_OBJC_ARC = YES;
				CLANG_WARN_BOOL_CONVERSION = YES;
				CLANG_WARN_CONSTANT_CONVERSION = YES;
				CLANG_WARN_DIRECT_OBJC_ISA_USAGE = YES_ERROR;
				CLANG_WARN_DOCUMENTATION_COMMENTS = YES;
				CLANG_WARN_EMPTY_BODY = YES;
				CLANG_WARN_ENUM_CONVERSION = YES;
				CLANG_WARN_INFINITE_RECURSION = YES;
				CLANG_WARN_INT_CONVERSION = YES;
				CLANG_WARN_OBJC_ROOT_CLASS = YES_ERROR;
				CLANG_WARN_SUSPICIOUS_MOVE = YES;
				CLANG_WARN_UNREACHABLE_CODE = YES;
				CLANG_WARN__DUPLICATE_METHOD_MATCH = YES;
				"CODE_SIGN_IDENTITY[sdk=iphoneos*]" = "iPhone Developer";
				COPY_PHASE_STRIP = NO;
				DEBUG_INFORMATION_FORMAT = "dwarf-with-dsym";
				ENABLE_NS_ASSERTIONS = NO;
				ENABLE_STRICT_OBJC_MSGSEND = YES;
				GCC_C_LANGUAGE_STANDARD = gnu99;
				GCC_NO_COMMON_BLOCKS = YES;
				GCC_WARN_64_TO_32_BIT_CONVERSION = YES;
				GCC_WARN_ABOUT_RETURN_TYPE = YES_ERROR;
				GCC_WARN_UNDECLARED_SELECTOR = YES;
				GCC_WARN_UNINITIALIZED_AUTOS = YES_AGGRESSIVE;
				GCC_WARN_UNUSED_FUNCTION = YES;
				GCC_WARN_UNUSED_VARIABLE = YES;
				IPHONEOS_DEPLOYMENT_TARGET = 10.2;
				MTL_ENABLE_DEBUG_INFO = NO;
				SDKROOT = iphoneos;
				SWIFT_OPTIMIZATION_LEVEL = "-Owholemodule";
				TARGETED_DEVICE_FAMILY = "1,2";
				VALIDATE_PRODUCT = YES;
			};
			name = Release;
		};
		31C691F01E62201800358AC3 /* Debug */ = {
			isa = XCBuildConfiguration;
			buildSettings = {
				ASSETCATALOG_COMPILER_APPICON_NAME = AppIcon;
				DEVELOPMENT_TEAM = W26XJUCE66;
				INFOPLIST_FILE = VirtualTourist/Info.plist;
				LD_RUNPATH_SEARCH_PATHS = "$(inherited) @executable_path/Frameworks";
				PRODUCT_BUNDLE_IDENTIFIER = puricode.VirtualTourist;
				PRODUCT_NAME = "$(TARGET_NAME)";
				SWIFT_VERSION = 3.0;
			};
			name = Debug;
		};
		31C691F11E62201800358AC3 /* Release */ = {
			isa = XCBuildConfiguration;
			buildSettings = {
				ASSETCATALOG_COMPILER_APPICON_NAME = AppIcon;
				DEVELOPMENT_TEAM = W26XJUCE66;
				INFOPLIST_FILE = VirtualTourist/Info.plist;
				LD_RUNPATH_SEARCH_PATHS = "$(inherited) @executable_path/Frameworks";
				PRODUCT_BUNDLE_IDENTIFIER = puricode.VirtualTourist;
				PRODUCT_NAME = "$(TARGET_NAME)";
				SWIFT_VERSION = 3.0;
			};
			name = Release;
		};
/* End XCBuildConfiguration section */

/* Begin XCConfigurationList section */
		31C691D51E62201800358AC3 /* Build configuration list for PBXProject "VirtualTourist" */ = {
			isa = XCConfigurationList;
			buildConfigurations = (
				31C691ED1E62201800358AC3 /* Debug */,
				31C691EE1E62201800358AC3 /* Release */,
			);
			defaultConfigurationIsVisible = 0;
			defaultConfigurationName = Release;
		};
		31C691EF1E62201800358AC3 /* Build configuration list for PBXNativeTarget "VirtualTourist" */ = {
			isa = XCConfigurationList;
			buildConfigurations = (
				31C691F01E62201800358AC3 /* Debug */,
				31C691F11E62201800358AC3 /* Release */,
			);
			defaultConfigurationIsVisible = 0;
			defaultConfigurationName = Release;
		};
/* End XCConfigurationList section */

/* Begin XCVersionGroup section */
		31C691E41E62201800358AC3 /* VirtualTourist.xcdatamodeld */ = {
			isa = XCVersionGroup;
			children = (
				31C691E51E62201800358AC3 /* VirtualTourist.xcdatamodel */,
			);
			currentVersion = 31C691E51E62201800358AC3 /* VirtualTourist.xcdatamodel */;
			path = VirtualTourist.xcdatamodeld;
			sourceTree = "<group>";
			versionGroupType = wrapper.xcdatamodel;
		};
/* End XCVersionGroup section */
	};
	rootObject = 31C691D21E62201800358AC3 /* Project object */;
}
